
Microsoft Visual Studio Solution File, Format Version 12.00
# Visual Studio Version 17
VisualStudioVersion = 17.8.34322.80
MinimumVisualStudioVersion = 10.0.40219.1
Project("{FAE04EC0-301F-11D3-BF4B-00C04F79EFBC}") = "WebApplication4", "WebApplication4\WebApplication4.csproj", "{3AC936EE-E595-495D-BE00-01683967189F}"
EndProject
Global
	GlobalSection(SolutionConfigurationPlatforms) = preSolution
		Debug|Any CPU = Debug|Any CPU
		Release|Any CPU = Release|Any CPU
	EndGlobalSection
	GlobalSection(ProjectConfigurationPlatforms) = postSolution
		{3AC936EE-E595-495D-BE00-01683967189F}.Debug|Any CPU.ActiveCfg = Debug|Any CPU
		{3AC936EE-E595-495D-BE00-01683967189F}.Debug|Any CPU.Build.0 = Debug|Any CPU
		{3AC936EE-E595-495D-BE00-01683967189F}.Release|Any CPU.ActiveCfg = Release|Any CPU
		{3AC936EE-E595-495D-BE00-01683967189F}.Release|Any CPU.Build.0 = Release|Any CPU
	EndGlobalSection
	GlobalSection(SolutionProperties) = preSolution
		HideSolutionNode = FALSE
	EndGlobalSection
	GlobalSection(ExtensibilityGlobals) = postSolution
		SolutionGuid = {9DA6B883-7EBB-40D3-B5F8-288194030955}
	EndGlobalSection
EndGlobal
